
Microsoft Visual Studio Solution File, Format Version 12.00
# Visual Studio Version 16
VisualStudioVersion = 16.0.29920.165
MinimumVisualStudioVersion = 10.0.40219.1
Project("{9A19103F-16F7-4668-BE54-9A1E7A4F7556}") = "wdApi", "wdApi\wdApi.csproj", "{D5AE97D6-F986-4197-B346-FBED533808CB}"
EndProject
Project("{9A19103F-16F7-4668-BE54-9A1E7A4F7556}") = "wdDB", "wdDB\wdDB.csproj", "{21A793D8-1717-4A22-BEA2-9BFC221003C6}"
EndProject
Project("{9A19103F-16F7-4668-BE54-9A1E7A4F7556}") = "wdWorker", "wdWorker\wdWorker.csproj", "{759DE06F-B0D0-498F-AB48-D286E3E31D42}"
EndProject
Global
	GlobalSection(SolutionConfigurationPlatforms) = preSolution
		Debug|Any CPU = Debug|Any CPU
		Release|Any CPU = Release|Any CPU
	EndGlobalSection
	GlobalSection(ProjectConfigurationPlatforms) = postSolution
		{D5AE97D6-F986-4197-B346-FBED533808CB}.Debug|Any CPU.ActiveCfg = Debug|Any CPU
		{D5AE97D6-F986-4197-B346-FBED533808CB}.Debug|Any CPU.Build.0 = Debug|Any CPU
		{D5AE97D6-F986-4197-B346-FBED533808CB}.Release|Any CPU.ActiveCfg = Release|Any CPU
		{D5AE97D6-F986-4197-B346-FBED533808CB}.Release|Any CPU.Build.0 = Release|Any CPU
		{21A793D8-1717-4A22-BEA2-9BFC221003C6}.Debug|Any CPU.ActiveCfg = Debug|Any CPU
		{21A793D8-1717-4A22-BEA2-9BFC221003C6}.Debug|Any CPU.Build.0 = Debug|Any CPU
		{21A793D8-1717-4A22-BEA2-9BFC221003C6}.Release|Any CPU.ActiveCfg = Release|Any CPU
		{21A793D8-1717-4A22-BEA2-9BFC221003C6}.Release|Any CPU.Build.0 = Release|Any CPU
		{5333BC49-75E6-4B42-8015-738A47DC777C}.Debug|Any CPU.ActiveCfg = Debug|Any CPU
		{5333BC49-75E6-4B42-8015-738A47DC777C}.Debug|Any CPU.Build.0 = Debug|Any CPU
		{5333BC49-75E6-4B42-8015-738A47DC777C}.Release|Any CPU.ActiveCfg = Release|Any CPU
		{5333BC49-75E6-4B42-8015-738A47DC777C}.Release|Any CPU.Build.0 = Release|Any CPU
		{759DE06F-B0D0-498F-AB48-D286E3E31D42}.Debug|Any CPU.ActiveCfg = Debug|Any CPU
		{759DE06F-B0D0-498F-AB48-D286E3E31D42}.Debug|Any CPU.Build.0 = Debug|Any CPU
		{759DE06F-B0D0-498F-AB48-D286E3E31D42}.Release|Any CPU.ActiveCfg = Release|Any CPU
		{759DE06F-B0D0-498F-AB48-D286E3E31D42}.Release|Any CPU.Build.0 = Release|Any CPU
		{69416ADD-7797-4D85-8554-B2745C689973}.Debug|Any CPU.ActiveCfg = Debug|Any CPU
		{69416ADD-7797-4D85-8554-B2745C689973}.Debug|Any CPU.Build.0 = Debug|Any CPU
		{69416ADD-7797-4D85-8554-B2745C689973}.Release|Any CPU.ActiveCfg = Release|Any CPU
		{69416ADD-7797-4D85-8554-B2745C689973}.Release|Any CPU.Build.0 = Release|Any CPU
	EndGlobalSection
	GlobalSection(SolutionProperties) = preSolution
		HideSolutionNode = FALSE
	EndGlobalSection
	GlobalSection(ExtensibilityGlobals) = postSolution
		SolutionGuid = {59D26094-6517-4B6B-8BD2-6D4BD2CA6DC6}
	EndGlobalSection
EndGlobal
